
Microsoft Visual Studio Solution File, Format Version 12.00
# Visual Studio Version 17
VisualStudioVersion = 17.7.34031.279
MinimumVisualStudioVersion = 10.0.40219.1
Project("{9A19103F-16F7-4668-BE54-9A1E7A4F7556}") = "HalloDoc", "HalloDoc.csproj", "{2ACBEA67-FB54-4357-A7BB-1915D80EB19F}"
EndProject
Project("{9A19103F-16F7-4668-BE54-9A1E7A4F7556}") = "HalloDoc.DbEntity", "..\HalloDoc.DbEntity\HalloDoc.DbEntity.csproj", "{C8911D23-52B5-4CC2-98AE-44C645C7FC09}"
EndProject
Project("{9A19103F-16F7-4668-BE54-9A1E7A4F7556}") = "HalloDoc.Repositories", "..\HalloDoc.Repositories\HalloDoc.Repositories.csproj", "{FB203B76-EE4C-43E9-A027-66F66A6B410C}"
EndProject
Project("{FAE04EC0-301F-11D3-BF4B-00C04F79EFBC}") = "HalloDoc.Service", "..\HalloDoc.Service\HalloDoc.Service.csproj", "{BCB4D8D7-3C97-4E6F-ADE0-3680BB3BC624}"
EndProject
Global
	GlobalSection(SolutionConfigurationPlatforms) = preSolution
		Debug|Any CPU = Debug|Any CPU
		Release|Any CPU = Release|Any CPU
	EndGlobalSection
	GlobalSection(ProjectConfigurationPlatforms) = postSolution
		{2ACBEA67-FB54-4357-A7BB-1915D80EB19F}.Debug|Any CPU.ActiveCfg = Debug|Any CPU
		{2ACBEA67-FB54-4357-A7BB-1915D80EB19F}.Debug|Any CPU.Build.0 = Debug|Any CPU
		{2ACBEA67-FB54-4357-A7BB-1915D80EB19F}.Release|Any CPU.ActiveCfg = Release|Any CPU
		{2ACBEA67-FB54-4357-A7BB-1915D80EB19F}.Release|Any CPU.Build.0 = Release|Any CPU
		{C8911D23-52B5-4CC2-98AE-44C645C7FC09}.Debug|Any CPU.ActiveCfg = Debug|Any CPU
		{C8911D23-52B5-4CC2-98AE-44C645C7FC09}.Debug|Any CPU.Build.0 = Debug|Any CPU
		{C8911D23-52B5-4CC2-98AE-44C645C7FC09}.Release|Any CPU.ActiveCfg = Release|Any CPU
		{C8911D23-52B5-4CC2-98AE-44C645C7FC09}.Release|Any CPU.Build.0 = Release|Any CPU
		{FB203B76-EE4C-43E9-A027-66F66A6B410C}.Debug|Any CPU.ActiveCfg = Debug|Any CPU
		{FB203B76-EE4C-43E9-A027-66F66A6B410C}.Debug|Any CPU.Build.0 = Debug|Any CPU
		{FB203B76-EE4C-43E9-A027-66F66A6B410C}.Release|Any CPU.ActiveCfg = Release|Any CPU
		{FB203B76-EE4C-43E9-A027-66F66A6B410C}.Release|Any CPU.Build.0 = Release|Any CPU
		{BCB4D8D7-3C97-4E6F-ADE0-3680BB3BC624}.Debug|Any CPU.ActiveCfg = Debug|Any CPU
		{BCB4D8D7-3C97-4E6F-ADE0-3680BB3BC624}.Debug|Any CPU.Build.0 = Debug|Any CPU
		{BCB4D8D7-3C97-4E6F-ADE0-3680BB3BC624}.Release|Any CPU.ActiveCfg = Release|Any CPU
		{BCB4D8D7-3C97-4E6F-ADE0-3680BB3BC624}.Release|Any CPU.Build.0 = Release|Any CPU
	EndGlobalSection
	GlobalSection(SolutionProperties) = preSolution
		HideSolutionNode = FALSE
	EndGlobalSection
	GlobalSection(ExtensibilityGlobals) = postSolution
		SolutionGuid = {3353E552-8755-4E13-9791-E46DFCEACB02}
	EndGlobalSection
EndGlobal
